// !$*UTF8*$!
{
	archiveVersion = 1;
	classes = {
	};
	objectVersion = 56;
	objects = {

/* Begin PBXBuildFile section */
		83ADBA3A2ABB4FEB00D4313D /* GithubAppApp.swift in Sources */ = {isa = PBXBuildFile; fileRef = 83ADBA392ABB4FEB00D4313D /* GithubAppApp.swift */; };
		83ADBA3C2ABB4FEB00D4313D /* ContentView.swift in Sources */ = {isa = PBXBuildFile; fileRef = 83ADBA3B2ABB4FEB00D4313D /* ContentView.swift */; };
		83ADBA3E2ABB4FEE00D4313D /* Assets.xcassets in Resources */ = {isa = PBXBuildFile; fileRef = 83ADBA3D2ABB4FEE00D4313D /* Assets.xcassets */; };
		83ADBA412ABB4FEE00D4313D /* Preview Assets.xcassets in Resources */ = {isa = PBXBuildFile; fileRef = 83ADBA402ABB4FEE00D4313D /* Preview Assets.xcassets */; };
		83ADBA4A2ABCB29800D4313D /* BasicInfoData.swift in Sources */ = {isa = PBXBuildFile; fileRef = 83ADBA492ABCB29800D4313D /* BasicInfoData.swift */; };
		83ADBA4D2ABCB54700D4313D /* ProfileBioView.swift in Sources */ = {isa = PBXBuildFile; fileRef = 83ADBA4C2ABCB54700D4313D /* ProfileBioView.swift */; };
		83ADBA4F2ABCB70E00D4313D /* basicInfoManager.swift in Sources */ = {isa = PBXBuildFile; fileRef = 83ADBA4E2ABCB70E00D4313D /* basicInfoManager.swift */; };
		83ADBA522ABCCF1500D4313D /* followButton.swift in Sources */ = {isa = PBXBuildFile; fileRef = 83ADBA512ABCCF1500D4313D /* followButton.swift */; };
		83ADBA542ABCCF6F00D4313D /* repositoryCell.swift in Sources */ = {isa = PBXBuildFile; fileRef = 83ADBA532ABCCF6F00D4313D /* repositoryCell.swift */; };
/* End PBXBuildFile section */

/* Begin PBXFileReference section */
		83ADBA362ABB4FEB00D4313D /* GithubApp.app */ = {isa = PBXFileReference; explicitFileType = wrapper.application; includeInIndex = 0; path = GithubApp.app; sourceTree = BUILT_PRODUCTS_DIR; };
		83ADBA392ABB4FEB00D4313D /* GithubAppApp.swift */ = {isa = PBXFileReference; lastKnownFileType = sourcecode.swift; path = GithubAppApp.swift; sourceTree = "<group>"; };
		83ADBA3B2ABB4FEB00D4313D /* ContentView.swift */ = {isa = PBXFileReference; lastKnownFileType = sourcecode.swift; path = ContentView.swift; sourceTree = "<group>"; };
		83ADBA3D2ABB4FEE00D4313D /* Assets.xcassets */ = {isa = PBXFileReference; lastKnownFileType = folder.assetcatalog; path = Assets.xcassets; sourceTree = "<group>"; };
		83ADBA402ABB4FEE00D4313D /* Preview Assets.xcassets */ = {isa = PBXFileReference; lastKnownFileType = folder.assetcatalog; path = "Preview Assets.xcassets"; sourceTree = "<group>"; };
		83ADBA492ABCB29800D4313D /* BasicInfoData.swift */ = {isa = PBXFileReference; lastKnownFileType = sourcecode.swift; path = BasicInfoData.swift; sourceTree = "<group>"; };
		83ADBA4C2ABCB54700D4313D /* ProfileBioView.swift */ = {isa = PBXFileReference; lastKnownFileType = sourcecode.swift; path = ProfileBioView.swift; sourceTree = "<group>"; };
		83ADBA4E2ABCB70E00D4313D /* basicInfoManager.swift */ = {isa = PBXFileReference; lastKnownFileType = sourcecode.swift; path = basicInfoManager.swift; sourceTree = "<group>"; };
		83ADBA512ABCCF1500D4313D /* followButton.swift */ = {isa = PBXFileReference; lastKnownFileType = sourcecode.swift; path = followButton.swift; sourceTree = "<group>"; };
		83ADBA532ABCCF6F00D4313D /* repositoryCell.swift */ = {isa = PBXFileReference; lastKnownFileType = sourcecode.swift; path = repositoryCell.swift; sourceTree = "<group>"; };
/* End PBXFileReference section */

/* Begin PBXFrameworksBuildPhase section */
		83ADBA332ABB4FEB00D4313D /* Frameworks */ = {
			isa = PBXFrameworksBuildPhase;
			buildActionMask = 2147483647;
			files = (
			);
			runOnlyForDeploymentPostprocessing = 0;
		};
/* End PBXFrameworksBuildPhase section */

/* Begin PBXGroup section */
		83ADBA2D2ABB4FEB00D4313D = {
			isa = PBXGroup;
			children = (
				83ADBA382ABB4FEB00D4313D /* GithubApp */,
				83ADBA372ABB4FEB00D4313D /* Products */,
			);
			sourceTree = "<group>";
		};
		83ADBA372ABB4FEB00D4313D /* Products */ = {
			isa = PBXGroup;
			children = (
				83ADBA362ABB4FEB00D4313D /* GithubApp.app */,
			);
			name = Products;
			sourceTree = "<group>";
		};
		83ADBA382ABB4FEB00D4313D /* GithubApp */ = {
			isa = PBXGroup;
			children = (
				83ADBA502ABCCF0200D4313D /* Components */,
				83ADBA4B2ABCB52D00D4313D /* Views */,
				83ADBA472ABCB25700D4313D /* Networking */,
				83ADBA392ABB4FEB00D4313D /* GithubAppApp.swift */,
				83ADBA3B2ABB4FEB00D4313D /* ContentView.swift */,
				83ADBA3D2ABB4FEE00D4313D /* Assets.xcassets */,
				83ADBA3F2ABB4FEE00D4313D /* Preview Content */,
				83ADBA4E2ABCB70E00D4313D /* basicInfoManager.swift */,
			);
			path = GithubApp;
			sourceTree = "<group>";
		};
		83ADBA3F2ABB4FEE00D4313D /* Preview Content */ = {
			isa = PBXGroup;
			children = (
				83ADBA402ABB4FEE00D4313D /* Preview Assets.xcassets */,
			);
			path = "Preview Content";
			sourceTree = "<group>";
		};
		83ADBA472ABCB25700D4313D /* Networking */ = {
			isa = PBXGroup;
			children = (
				83ADBA492ABCB29800D4313D /* BasicInfoData.swift */,
			);
			path = Networking;
			sourceTree = "<group>";
		};
		83ADBA4B2ABCB52D00D4313D /* Views */ = {
			isa = PBXGroup;
			children = (
				83ADBA4C2ABCB54700D4313D /* ProfileBioView.swift */,
			);
			path = Views;
			sourceTree = "<group>";
		};
		83ADBA502ABCCF0200D4313D /* Components */ = {
			isa = PBXGroup;
			children = (
				83ADBA512ABCCF1500D4313D /* followButton.swift */,
				83ADBA532ABCCF6F00D4313D /* repositoryCell.swift */,
			);
			path = Components;
			sourceTree = "<group>";
		};
/* End PBXGroup section */

/* Begin PBXNativeTarget section */
		83ADBA352ABB4FEB00D4313D /* GithubApp */ = {
			isa = PBXNativeTarget;
			buildConfigurationList = 83ADBA442ABB4FEE00D4313D /* Build configuration list for PBXNativeTarget "GithubApp" */;
			buildPhases = (
				83ADBA322ABB4FEB00D4313D /* Sources */,
				83ADBA332ABB4FEB00D4313D /* Frameworks */,
				83ADBA342ABB4FEB00D4313D /* Resources */,
			);
			buildRules = (
			);
			dependencies = (
			);
			name = GithubApp;
			productName = GithubApp;
			productReference = 83ADBA362ABB4FEB00D4313D /* GithubApp.app */;
			productType = "com.apple.product-type.application";
		};
/* End PBXNativeTarget section */

/* Begin PBXProject section */
		83ADBA2E2ABB4FEB00D4313D /* Project object */ = {
			isa = PBXProject;
			attributes = {
				BuildIndependentTargetsInParallel = 1;
				LastSwiftUpdateCheck = 1430;
				LastUpgradeCheck = 1430;
				TargetAttributes = {
					83ADBA352ABB4FEB00D4313D = {
						CreatedOnToolsVersion = 14.3.1;
					};
				};
			};
			buildConfigurationList = 83ADBA312ABB4FEB00D4313D /* Build configuration list for PBXProject "GithubApp" */;
			compatibilityVersion = "Xcode 14.0";
			developmentRegion = en;
			hasScannedForEncodings = 0;
			knownRegions = (
				en,
				Base,
			);
			mainGroup = 83ADBA2D2ABB4FEB00D4313D;
			productRefGroup = 83ADBA372ABB4FEB00D4313D /* Products */;
			projectDirPath = "";
			projectRoot = "";
			targets = (
				83ADBA352ABB4FEB00D4313D /* GithubApp */,
			);
		};
/* End PBXProject section */

/* Begin PBXResourcesBuildPhase section */
		83ADBA342ABB4FEB00D4313D /* Resources */ = {
			isa = PBXResourcesBuildPhase;
			buildActionMask = 2147483647;
			files = (
				83ADBA412ABB4FEE00D4313D /* Preview Assets.xcassets in Resources */,
				83ADBA3E2ABB4FEE00D4313D /* Assets.xcassets in Resources */,
			);
			runOnlyForDeploymentPostprocessing = 0;
		};
/* End PBXResourcesBuildPhase section */

/* Begin PBXSourcesBuildPhase section */
		83ADBA322ABB4FEB00D4313D /* Sources */ = {
			isa = PBXSourcesBuildPhase;
			buildActionMask = 2147483647;
			files = (
				83ADBA522ABCCF1500D4313D /* followButton.swift in Sources */,
				83ADBA4F2ABCB70E00D4313D /* basicInfoManager.swift in Sources */,
				83ADBA3C2ABB4FEB00D4313D /* ContentView.swift in Sources */,
				83ADBA4D2ABCB54700D4313D /* ProfileBioView.swift in Sources */,
				83ADBA542ABCCF6F00D4313D /* repositoryCell.swift in Sources */,
				83ADBA4A2ABCB29800D4313D /* BasicInfoData.swift in Sources */,
				83ADBA3A2ABB4FEB00D4313D /* GithubAppApp.swift in Sources */,
			);
			runOnlyForDeploymentPostprocessing = 0;
		};
/* End PBXSourcesBuildPhase section */

/* Begin XCBuildConfiguration section */
		83ADBA422ABB4FEE00D4313D /* Debug */ = {
			isa = XCBuildConfiguration;
			buildSettings = {
				ALWAYS_SEARCH_USER_PATHS = NO;
				CLANG_ANALYZER_NONNULL = YES;
				CLANG_ANALYZER_NUMBER_OBJECT_CONVERSION = YES_AGGRESSIVE;
				CLANG_CXX_LANGUAGE_STANDARD = "gnu++20";
				CLANG_ENABLE_MODULES = YES;
				CLANG_ENABLE_OBJC_ARC = YES;
				CLANG_ENABLE_OBJC_WEAK = YES;
				CLANG_WARN_BLOCK_CAPTURE_AUTORELEASING = YES;
				CLANG_WARN_BOOL_CONVERSION = YES;
				CLANG_WARN_COMMA = YES;
				CLANG_WARN_CONSTANT_CONVERSION = YES;
				CLANG_WARN_DEPRECATED_OBJC_IMPLEMENTATIONS = YES;
				CLANG_WARN_DIRECT_OBJC_ISA_USAGE = YES_ERROR;
				CLANG_WARN_DOCUMENTATION_COMMENTS = YES;
				CLANG_WARN_EMPTY_BODY = YES;
				CLANG_WARN_ENUM_CONVERSION = YES;
				CLANG_WARN_INFINITE_RECURSION = YES;
				CLANG_WARN_INT_CONVERSION = YES;
				CLANG_WARN_NON_LITERAL_NULL_CONVERSION = YES;
				CLANG_WARN_OBJC_IMPLICIT_RETAIN_SELF = YES;
				CLANG_WARN_OBJC_LITERAL_CONVERSION = YES;
				CLANG_WARN_OBJC_ROOT_CLASS = YES_ERROR;
				CLANG_WARN_QUOTED_INCLUDE_IN_FRAMEWORK_HEADER = YES;
				CLANG_WARN_RANGE_LOOP_ANALYSIS = YES;
				CLANG_WARN_STRICT_PROTOTYPES = YES;
				CLANG_WARN_SUSPICIOUS_MOVE = YES;
				CLANG_WARN_UNGUARDED_AVAILABILITY = YES_AGGRESSIVE;
				CLANG_WARN_UNREACHABLE_CODE = YES;
				CLANG_WARN__DUPLICATE_METHOD_MATCH = YES;
				COPY_PHASE_STRIP = NO;
				DEBUG_INFORMATION_FORMAT = dwarf;
				ENABLE_STRICT_OBJC_MSGSEND = YES;
				ENABLE_TESTABILITY = YES;
				GCC_C_LANGUAGE_STANDARD = gnu11;
				GCC_DYNAMIC_NO_PIC = NO;
				GCC_NO_COMMON_BLOCKS = YES;
				GCC_OPTIMIZATION_LEVEL = 0;
				GCC_PREPROCESSOR_DEFINITIONS = (
					"DEBUG=1",
					"$(inherited)",
				);
				GCC_WARN_64_TO_32_BIT_CONVERSION = YES;
				GCC_WARN_ABOUT_RETURN_TYPE = YES_ERROR;
				GCC_WARN_UNDECLARED_SELECTOR = YES;
				GCC_WARN_UNINITIALIZED_AUTOS = YES_AGGRESSIVE;
				GCC_WARN_UNUSED_FUNCTION = YES;
				GCC_WARN_UNUSED_VARIABLE = YES;
				IPHONEOS_DEPLOYMENT_TARGET = 16.4;
				MTL_ENABLE_DEBUG_INFO = INCLUDE_SOURCE;
				MTL_FAST_MATH = YES;
				ONLY_ACTIVE_ARCH = YES;
				SDKROOT = iphoneos;
				SWIFT_ACTIVE_COMPILATION_CONDITIONS = DEBUG;
				SWIFT_OPTIMIZATION_LEVEL = "-Onone";
			};
			name = Debug;
		};
		83ADBA432ABB4FEE00D4313D /* Release */ = {
			isa = XCBuildConfiguration;
			buildSettings = {
				ALWAYS_SEARCH_USER_PATHS = NO;
				CLANG_ANALYZER_NONNULL = YES;
				CLANG_ANALYZER_NUMBER_OBJECT_CONVERSION = YES_AGGRESSIVE;
				CLANG_CXX_LANGUAGE_STANDARD = "gnu++20";
				CLANG_ENABLE_MODULES = YES;
				CLANG_ENABLE_OBJC_ARC = YES;
				CLANG_ENABLE_OBJC_WEAK = YES;
				CLANG_WARN_BLOCK_CAPTURE_AUTORELEASING = YES;
				CLANG_WARN_BOOL_CONVERSION = YES;
				CLANG_WARN_COMMA = YES;
				CLANG_WARN_CONSTANT_CONVERSION = YES;
				CLANG_WARN_DEPRECATED_OBJC_IMPLEMENTATIONS = YES;
				CLANG_WARN_DIRECT_OBJC_ISA_USAGE = YES_ERROR;
				CLANG_WARN_DOCUMENTATION_COMMENTS = YES;
				CLANG_WARN_EMPTY_BODY = YES;
				CLANG_WARN_ENUM_CONVERSION = YES;
				CLANG_WARN_INFINITE_RECURSION = YES;
				CLANG_WARN_INT_CONVERSION = YES;
				CLANG_WARN_NON_LITERAL_NULL_CONVERSION = YES;
				CLANG_WARN_OBJC_IMPLICIT_RETAIN_SELF = YES;
				CLANG_WARN_OBJC_LITERAL_CONVERSION = YES;
				CLANG_WARN_OBJC_ROOT_CLASS = YES_ERROR;
				CLANG_WARN_QUOTED_INCLUDE_IN_FRAMEWORK_HEADER = YES;
				CLANG_WARN_RANGE_LOOP_ANALYSIS = YES;
				CLANG_WARN_STRICT_PROTOTYPES = YES;
				CLANG_WARN_SUSPICIOUS_MOVE = YES;
				CLANG_WARN_UNGUARDED_AVAILABILITY = YES_AGGRESSIVE;
				CLANG_WARN_UNREACHABLE_CODE = YES;
				CLANG_WARN__DUPLICATE_METHOD_MATCH = YES;
				COPY_PHASE_STRIP = NO;
				DEBUG_INFORMATION_FORMAT = "dwarf-with-dsym";
				ENABLE_NS_ASSERTIONS = NO;
				ENABLE_STRICT_OBJC_MSGSEND = YES;
				GCC_C_LANGUAGE_STANDARD = gnu11;
				GCC_NO_COMMON_BLOCKS = YES;
				GCC_WARN_64_TO_32_BIT_CONVERSION = YES;
				GCC_WARN_ABOUT_RETURN_TYPE = YES_ERROR;
				GCC_WARN_UNDECLARED_SELECTOR = YES;
				GCC_WARN_UNINITIALIZED_AUTOS = YES_AGGRESSIVE;
				GCC_WARN_UNUSED_FUNCTION = YES;
				GCC_WARN_UNUSED_VARIABLE = YES;
				IPHONEOS_DEPLOYMENT_TARGET = 16.4;
				MTL_ENABLE_DEBUG_INFO = NO;
				MTL_FAST_MATH = YES;
				SDKROOT = iphoneos;
				SWIFT_COMPILATION_MODE = wholemodule;
				SWIFT_OPTIMIZATION_LEVEL = "-O";
				VALIDATE_PRODUCT = YES;
			};
			name = Release;
		};
		83ADBA452ABB4FEE00D4313D /* Debug */ = {
			isa = XCBuildConfiguration;
			buildSettings = {
				ASSETCATALOG_COMPILER_APPICON_NAME = AppIcon;
				ASSETCATALOG_COMPILER_GLOBAL_ACCENT_COLOR_NAME = AccentColor;
				CODE_SIGN_STYLE = Automatic;
				CURRENT_PROJECT_VERSION = 1;
				DEVELOPMENT_ASSET_PATHS = "\"GithubApp/Preview Content\"";
				DEVELOPMENT_TEAM = SKHUBRDPGV;
				ENABLE_PREVIEWS = YES;
				GENERATE_INFOPLIST_FILE = YES;
				INFOPLIST_KEY_UIApplicationSceneManifest_Generation = YES;
				INFOPLIST_KEY_UIApplicationSupportsIndirectInputEvents = YES;
				INFOPLIST_KEY_UILaunchScreen_Generation = YES;
				INFOPLIST_KEY_UISupportedInterfaceOrientations_iPad = "UIInterfaceOrientationPortrait UIInterfaceOrientationPortraitUpsideDown UIInterfaceOrientationLandscapeLeft UIInterfaceOrientationLandscapeRight";
				INFOPLIST_KEY_UISupportedInterfaceOrientations_iPhone = "UIInterfaceOrientationPortrait UIInterfaceOrientationLandscapeLeft UIInterfaceOrientationLandscapeRight";
				LD_RUNPATH_SEARCH_PATHS = (
					"$(inherited)",
					"@executable_path/Frameworks",
				);
				MARKETING_VERSION = 1.0;
				PRODUCT_BUNDLE_IDENTIFIER = "Horacio-Mota.GithubApp";
				PRODUCT_NAME = "$(TARGET_NAME)";
				SWIFT_EMIT_LOC_STRINGS = YES;
				SWIFT_VERSION = 5.0;
				TARGETED_DEVICE_FAMILY = "1,2";
			};
			name = Debug;
		};
		83ADBA462ABB4FEE00D4313D /* Release */ = {
			isa = XCBuildConfiguration;
			buildSettings = {
				ASSETCATALOG_COMPILER_APPICON_NAME = AppIcon;
				ASSETCATALOG_COMPILER_GLOBAL_ACCENT_COLOR_NAME = AccentColor;
				CODE_SIGN_STYLE = Automatic;
				CURRENT_PROJECT_VERSION = 1;
				DEVELOPMENT_ASSET_PATHS = "\"GithubApp/Preview Content\"";
				DEVELOPMENT_TEAM = SKHUBRDPGV;
				ENABLE_PREVIEWS = YES;
				GENERATE_INFOPLIST_FILE = YES;
				INFOPLIST_KEY_UIApplicationSceneManifest_Generation = YES;
				INFOPLIST_KEY_UIApplicationSupportsIndirectInputEvents = YES;
				INFOPLIST_KEY_UILaunchScreen_Generation = YES;
				INFOPLIST_KEY_UISupportedInterfaceOrientations_iPad = "UIInterfaceOrientationPortrait UIInterfaceOrientationPortraitUpsideDown UIInterfaceOrientationLandscapeLeft UIInterfaceOrientationLandscapeRight";
				INFOPLIST_KEY_UISupportedInterfaceOrientations_iPhone = "UIInterfaceOrientationPortrait UIInterfaceOrientationLandscapeLeft UIInterfaceOrientationLandscapeRight";
				LD_RUNPATH_SEARCH_PATHS = (
					"$(inherited)",
					"@executable_path/Frameworks",
				);
				MARKETING_VERSION = 1.0;
				PRODUCT_BUNDLE_IDENTIFIER = "Horacio-Mota.GithubApp";
				PRODUCT_NAME = "$(TARGET_NAME)";
				SWIFT_EMIT_LOC_STRINGS = YES;
				SWIFT_VERSION = 5.0;
				TARGETED_DEVICE_FAMILY = "1,2";
			};
			name = Release;
		};
/* End XCBuildConfiguration section */

/* Begin XCConfigurationList section */
		83ADBA312ABB4FEB00D4313D /* Build configuration list for PBXProject "GithubApp" */ = {
			isa = XCConfigurationList;
			buildConfigurations = (
				83ADBA422ABB4FEE00D4313D /* Debug */,
				83ADBA432ABB4FEE00D4313D /* Release */,
			);
			defaultConfigurationIsVisible = 0;
			defaultConfigurationName = Release;
		};
		83ADBA442ABB4FEE00D4313D /* Build configuration list for PBXNativeTarget "GithubApp" */ = {
			isa = XCConfigurationList;
			buildConfigurations = (
				83ADBA452ABB4FEE00D4313D /* Debug */,
				83ADBA462ABB4FEE00D4313D /* Release */,
			);
			defaultConfigurationIsVisible = 0;
			defaultConfigurationName = Release;
		};
/* End XCConfigurationList section */
	};
	rootObject = 83ADBA2E2ABB4FEB00D4313D /* Project object */;
}
